# This file is automatically @generated by Poetry 1.7.1 and should not be changed by hand.

[[package]]
name = "environs"
version = "11.0.0"
description = "simplified environment variable parsing"
optional = false
python-versions = ">=3.8"
files = [
    {file = "environs-11.0.0-py3-none-any.whl", hash = "sha256:e0bcfd41c718c07a7db422f9109e490746450da38793fe4ee197f397b9343435"},
    {file = "environs-11.0.0.tar.gz", hash = "sha256:069727a8f73d8ba8d033d3cd95c0da231d44f38f1da773bf076cef168d312ee8"},
]

[package.dependencies]
marshmallow = ">=3.13.0"
python-dotenv = "*"

[package.extras]
dev = ["environs[tests]", "pre-commit (>=3.5,<4.0)", "tox"]
django = ["dj-database-url", "dj-email-url", "django-cache-url"]
tests = ["environs[django]", "pytest"]

[[package]]
name = "marshmallow"
version = "3.21.1"
description = "A lightweight library for converting complex datatypes to and from native Python datatypes."
optional = false
python-versions = ">=3.8"
files = [
    {file = "marshmallow-3.21.1-py3-none-any.whl", hash = "sha256:f085493f79efb0644f270a9bf2892843142d80d7174bbbd2f3713f2a589dc633"},
    {file = "marshmallow-3.21.1.tar.gz", hash = "sha256:4e65e9e0d80fc9e609574b9983cf32579f305c718afb30d7233ab818571768c3"},
]

[package.dependencies]
packaging = ">=17.0"

[package.extras]
dev = ["marshmallow[tests]", "pre-commit (>=3.5,<4.0)", "tox"]
docs = ["alabaster (==0.7.16)", "autodocsumm (==0.2.12)", "sphinx (==7.2.6)", "sphinx-issues (==4.0.0)", "sphinx-version-warning (==1.1.2)"]
tests = ["pytest", "pytz", "simplejson"]

[[package]]
name = "packaging"
version = "24.0"
description = "Core utilities for Python packages"
optional = false
python-versions = ">=3.7"
files = [
    {file = "packaging-24.0-py3-none-any.whl", hash = "sha256:2ddfb553fdf02fb784c234c7ba6ccc288296ceabec964ad2eae3777778130bc5"},
    {file = "packaging-24.0.tar.gz", hash = "sha256:eb82c5e3e56209074766e6885bb04b8c38a0c015d0a30036ebe7ece34c9989e9"},
]

[[package]]
name = "python-dotenv"
version = "1.0.1"
description = "Read key-value pairs from a .env file and set them as environment variables"
optional = false
python-versions = ">=3.8"
files = [
    {file = "python-dotenv-1.0.1.tar.gz", hash = "sha256:e324ee90a023d808f1959c46bcbc04446a10ced277783dc6ee09987c37ec10ca"},
    {file = "python_dotenv-1.0.1-py3-none-any.whl", hash = "sha256:f7b63ef50f1b690dddf550d03497b66d609393b40b564ed0d674909a68ebf16a"},
]

[package.extras]
cli = ["click (>=5.0)"]

[metadata]
lock-version = "2.0"
python-versions = "^3.12"
content-hash = "137df9140d5404b67c1956696aa84b5d59155f45974e7fd3bd719bf78a5d5ad5"
